// !$*UTF8*$!
{
	archiveVersion = 1;
	classes = {
	};
	objectVersion = 50;
	objects = {

/* Begin PBXBuildFile section */
		4E130F1125FD699300DF0056 /* MarvelCharactersAPITests.swift in Sources */ = {isa = PBXBuildFile; fileRef = 4E130F1025FD699300DF0056 /* MarvelCharactersAPITests.swift */; };
		4E4F219C25FDEC9600B4964C /* ListViewController.swift in Sources */ = {isa = PBXBuildFile; fileRef = 4E4F219B25FDEC9600B4964C /* ListViewController.swift */; };
		4E4F21B325FDEF5400B4964C /* Section.swift in Sources */ = {isa = PBXBuildFile; fileRef = 4E4F21B225FDEF5400B4964C /* Section.swift */; };
		4E5A387325FD5F210044C9CB /* APIRequestLoaderTests.swift in Sources */ = {isa = PBXBuildFile; fileRef = 4E5A387225FD5F210044C9CB /* APIRequestLoaderTests.swift */; };
		4EB8C17226001B8200F782AC /* ListCellViewModel.swift in Sources */ = {isa = PBXBuildFile; fileRef = 4EB8C17126001B8200F782AC /* ListCellViewModel.swift */; };
		4EB8C17A26001B8D00F782AC /* OrthogonalCellViewModel.swift in Sources */ = {isa = PBXBuildFile; fileRef = 4EB8C17926001B8D00F782AC /* OrthogonalCellViewModel.swift */; };
		4EB8C17F26001B9400F782AC /* HeaderViewModel.swift in Sources */ = {isa = PBXBuildFile; fileRef = 4EB8C17E26001B9400F782AC /* HeaderViewModel.swift */; };
		4EB8C18426001BAA00F782AC /* ListCell.swift in Sources */ = {isa = PBXBuildFile; fileRef = 4EB8C18326001BAA00F782AC /* ListCell.swift */; };
		4EB8C18926001BB300F782AC /* OrthogonalCell.swift in Sources */ = {isa = PBXBuildFile; fileRef = 4EB8C18826001BB300F782AC /* OrthogonalCell.swift */; };
		4EB8C18E26001BC300F782AC /* HeaderSupplementaryView.swift in Sources */ = {isa = PBXBuildFile; fileRef = 4EB8C18D26001BC300F782AC /* HeaderSupplementaryView.swift */; };
		4EB8C19726001C9E00F782AC /* DetailViewController.swift in Sources */ = {isa = PBXBuildFile; fileRef = 4EB8C19626001C9E00F782AC /* DetailViewController.swift */; };
		4EB8C19F26001CB700F782AC /* DetailHeaderViewModel.swift in Sources */ = {isa = PBXBuildFile; fileRef = 4EB8C19E26001CB700F782AC /* DetailHeaderViewModel.swift */; };
		4EB8C1A426001CC100F782AC /* DetailFooterViewModel.swift in Sources */ = {isa = PBXBuildFile; fileRef = 4EB8C1A326001CC100F782AC /* DetailFooterViewModel.swift */; };
		4EB8C1A926001CD000F782AC /* ButtonCellViewModel.swift in Sources */ = {isa = PBXBuildFile; fileRef = 4EB8C1A826001CD000F782AC /* ButtonCellViewModel.swift */; };
		4EB8C1B126001CDD00F782AC /* ButtonCell.swift in Sources */ = {isa = PBXBuildFile; fileRef = 4EB8C1B026001CDD00F782AC /* ButtonCell.swift */; };
		4EB8C1B626001CE200F782AC /* Header.swift in Sources */ = {isa = PBXBuildFile; fileRef = 4EB8C1B526001CE200F782AC /* Header.swift */; };
		4EB8C1BB26001CE700F782AC /* Footer.swift in Sources */ = {isa = PBXBuildFile; fileRef = 4EB8C1BA26001CE700F782AC /* Footer.swift */; };
		4EB8C1CB26001D6E00F782AC /* ImageURLBuilder.swift in Sources */ = {isa = PBXBuildFile; fileRef = 4EB8C1CA26001D6E00F782AC /* ImageURLBuilder.swift */; };
		4EB8C1D026001D7600F782AC /* UIButtonTappable.swift in Sources */ = {isa = PBXBuildFile; fileRef = 4EB8C1CF26001D7600F782AC /* UIButtonTappable.swift */; };
		4EB8C1D526001D9A00F782AC /* ImageStore.swift in Sources */ = {isa = PBXBuildFile; fileRef = 4EB8C1D426001D9A00F782AC /* ImageStore.swift */; };
		4EB8C1ED260020F100F782AC /* CharactersAPI.swift in Sources */ = {isa = PBXBuildFile; fileRef = 4EB8C1EC260020F100F782AC /* CharactersAPI.swift */; };
		4EB8C1F5260020F800F782AC /* ImageAPI.swift in Sources */ = {isa = PBXBuildFile; fileRef = 4EB8C1F4260020F800F782AC /* ImageAPI.swift */; };
		4EB8C1FA2600210100F782AC /* ImageRequestLoader.swift in Sources */ = {isa = PBXBuildFile; fileRef = 4EB8C1F92600210100F782AC /* ImageRequestLoader.swift */; };
		4ED4102225FD211800FEBAA6 /* AppDelegate.swift in Sources */ = {isa = PBXBuildFile; fileRef = 4ED4102125FD211800FEBAA6 /* AppDelegate.swift */; };
		4ED4102B25FD211B00FEBAA6 /* Assets.xcassets in Resources */ = {isa = PBXBuildFile; fileRef = 4ED4102A25FD211B00FEBAA6 /* Assets.xcassets */; };
		4ED4107025FD225000FEBAA6 /* CharacterRequestAPI.swift in Sources */ = {isa = PBXBuildFile; fileRef = 4ED4106F25FD225000FEBAA6 /* CharacterRequestAPI.swift */; };
		4ED4107925FD22A100FEBAA6 /* Character.swift in Sources */ = {isa = PBXBuildFile; fileRef = 4ED4107825FD22A100FEBAA6 /* Character.swift */; };
		4ED4108125FD22A700FEBAA6 /* Wrapper.swift in Sources */ = {isa = PBXBuildFile; fileRef = 4ED4108025FD22A700FEBAA6 /* Wrapper.swift */; };
		4ED410AD25FD245F00FEBAA6 /* URLAuth.swift in Sources */ = {isa = PBXBuildFile; fileRef = 4ED410A825FD245C00FEBAA6 /* URLAuth.swift */; };
		4ED410BF25FD252C00FEBAA6 /* MarvelAppUITests.swift in Sources */ = {isa = PBXBuildFile; fileRef = 4ED410BE25FD252C00FEBAA6 /* MarvelAppUITests.swift */; };
		4ED410E025FD342100FEBAA6 /* CharactersRequestAPITests.swift in Sources */ = {isa = PBXBuildFile; fileRef = 4ED410DF25FD342100FEBAA6 /* CharactersRequestAPITests.swift */; };
		4ED747C125FD610700BBD0FD /* MockURLProtocol.swift in Sources */ = {isa = PBXBuildFile; fileRef = 4ED747C025FD610700BBD0FD /* MockURLProtocol.swift */; };
		4EE4480225FDF7DD00E0A5C2 /* DataSource.swift in Sources */ = {isa = PBXBuildFile; fileRef = 4EE4480125FDF7DD00E0A5C2 /* DataSource.swift */; };
/* End PBXBuildFile section */

/* Begin PBXContainerItemProxy section */
		4ED4103525FD211B00FEBAA6 /* PBXContainerItemProxy */ = {
			isa = PBXContainerItemProxy;
			containerPortal = 4ED4101625FD211800FEBAA6 /* Project object */;
			proxyType = 1;
			remoteGlobalIDString = 4ED4101D25FD211800FEBAA6;
			remoteInfo = MarvelApp;
		};
		4ED4104025FD211B00FEBAA6 /* PBXContainerItemProxy */ = {
			isa = PBXContainerItemProxy;
			containerPortal = 4ED4101625FD211800FEBAA6 /* Project object */;
			proxyType = 1;
			remoteGlobalIDString = 4ED4101D25FD211800FEBAA6;
			remoteInfo = MarvelApp;
		};
/* End PBXContainerItemProxy section */

/* Begin PBXFileReference section */
		4E130EF025FD68A700DF0056 /* MarvelApp.xctestplan */ = {isa = PBXFileReference; lastKnownFileType = text; path = MarvelApp.xctestplan; sourceTree = "<group>"; };
		4E130F1025FD699300DF0056 /* MarvelCharactersAPITests.swift */ = {isa = PBXFileReference; lastKnownFileType = sourcecode.swift; path = MarvelCharactersAPITests.swift; sourceTree = "<group>"; };
		4E4F219B25FDEC9600B4964C /* ListViewController.swift */ = {isa = PBXFileReference; lastKnownFileType = sourcecode.swift; path = ListViewController.swift; sourceTree = "<group>"; };
		4E4F21B225FDEF5400B4964C /* Section.swift */ = {isa = PBXFileReference; lastKnownFileType = sourcecode.swift; path = Section.swift; sourceTree = "<group>"; };
		4E5A387225FD5F210044C9CB /* APIRequestLoaderTests.swift */ = {isa = PBXFileReference; lastKnownFileType = sourcecode.swift; path = APIRequestLoaderTests.swift; sourceTree = "<group>"; };
		4EB8C17126001B8200F782AC /* ListCellViewModel.swift */ = {isa = PBXFileReference; lastKnownFileType = sourcecode.swift; path = ListCellViewModel.swift; sourceTree = "<group>"; };
		4EB8C17926001B8D00F782AC /* OrthogonalCellViewModel.swift */ = {isa = PBXFileReference; lastKnownFileType = sourcecode.swift; path = OrthogonalCellViewModel.swift; sourceTree = "<group>"; };
		4EB8C17E26001B9400F782AC /* HeaderViewModel.swift */ = {isa = PBXFileReference; lastKnownFileType = sourcecode.swift; path = HeaderViewModel.swift; sourceTree = "<group>"; };
		4EB8C18326001BAA00F782AC /* ListCell.swift */ = {isa = PBXFileReference; lastKnownFileType = sourcecode.swift; path = ListCell.swift; sourceTree = "<group>"; };
		4EB8C18826001BB300F782AC /* OrthogonalCell.swift */ = {isa = PBXFileReference; lastKnownFileType = sourcecode.swift; path = OrthogonalCell.swift; sourceTree = "<group>"; };
		4EB8C18D26001BC300F782AC /* HeaderSupplementaryView.swift */ = {isa = PBXFileReference; lastKnownFileType = sourcecode.swift; path = HeaderSupplementaryView.swift; sourceTree = "<group>"; };
		4EB8C19626001C9E00F782AC /* DetailViewController.swift */ = {isa = PBXFileReference; lastKnownFileType = sourcecode.swift; path = DetailViewController.swift; sourceTree = "<group>"; };
		4EB8C19E26001CB700F782AC /* DetailHeaderViewModel.swift */ = {isa = PBXFileReference; lastKnownFileType = sourcecode.swift; path = DetailHeaderViewModel.swift; sourceTree = "<group>"; };
		4EB8C1A326001CC100F782AC /* DetailFooterViewModel.swift */ = {isa = PBXFileReference; lastKnownFileType = sourcecode.swift; path = DetailFooterViewModel.swift; sourceTree = "<group>"; };
		4EB8C1A826001CD000F782AC /* ButtonCellViewModel.swift */ = {isa = PBXFileReference; lastKnownFileType = sourcecode.swift; path = ButtonCellViewModel.swift; sourceTree = "<group>"; };
		4EB8C1B026001CDD00F782AC /* ButtonCell.swift */ = {isa = PBXFileReference; lastKnownFileType = sourcecode.swift; path = ButtonCell.swift; sourceTree = "<group>"; };
		4EB8C1B526001CE200F782AC /* Header.swift */ = {isa = PBXFileReference; lastKnownFileType = sourcecode.swift; path = Header.swift; sourceTree = "<group>"; };
		4EB8C1BA26001CE700F782AC /* Footer.swift */ = {isa = PBXFileReference; lastKnownFileType = sourcecode.swift; path = Footer.swift; sourceTree = "<group>"; };
		4EB8C1CA26001D6E00F782AC /* ImageURLBuilder.swift */ = {isa = PBXFileReference; lastKnownFileType = sourcecode.swift; path = ImageURLBuilder.swift; sourceTree = "<group>"; };
		4EB8C1CF26001D7600F782AC /* UIButtonTappable.swift */ = {isa = PBXFileReference; lastKnownFileType = sourcecode.swift; path = UIButtonTappable.swift; sourceTree = "<group>"; };
		4EB8C1D426001D9A00F782AC /* ImageStore.swift */ = {isa = PBXFileReference; lastKnownFileType = sourcecode.swift; path = ImageStore.swift; sourceTree = "<group>"; };
		4EB8C1E826001FE700F782AC /* README.md */ = {isa = PBXFileReference; lastKnownFileType = net.daringfireball.markdown; path = README.md; sourceTree = "<group>"; };
		4EB8C1EC260020F100F782AC /* CharactersAPI.swift */ = {isa = PBXFileReference; lastKnownFileType = sourcecode.swift; path = CharactersAPI.swift; sourceTree = "<group>"; };
		4EB8C1F4260020F800F782AC /* ImageAPI.swift */ = {isa = PBXFileReference; lastKnownFileType = sourcecode.swift; path = ImageAPI.swift; sourceTree = "<group>"; };
		4EB8C1F92600210100F782AC /* ImageRequestLoader.swift */ = {isa = PBXFileReference; lastKnownFileType = sourcecode.swift; path = ImageRequestLoader.swift; sourceTree = "<group>"; };
		4ED4101E25FD211800FEBAA6 /* MarvelApp.app */ = {isa = PBXFileReference; explicitFileType = wrapper.application; includeInIndex = 0; path = MarvelApp.app; sourceTree = BUILT_PRODUCTS_DIR; };
		4ED4102125FD211800FEBAA6 /* AppDelegate.swift */ = {isa = PBXFileReference; lastKnownFileType = sourcecode.swift; path = AppDelegate.swift; sourceTree = "<group>"; };
		4ED4102A25FD211B00FEBAA6 /* Assets.xcassets */ = {isa = PBXFileReference; lastKnownFileType = folder.assetcatalog; path = Assets.xcassets; sourceTree = "<group>"; };
		4ED4102F25FD211B00FEBAA6 /* Info.plist */ = {isa = PBXFileReference; lastKnownFileType = text.plist.xml; path = Info.plist; sourceTree = "<group>"; };
		4ED4103425FD211B00FEBAA6 /* MarvelAppTests.xctest */ = {isa = PBXFileReference; explicitFileType = wrapper.cfbundle; includeInIndex = 0; path = MarvelAppTests.xctest; sourceTree = BUILT_PRODUCTS_DIR; };
		4ED4103A25FD211B00FEBAA6 /* Info.plist */ = {isa = PBXFileReference; lastKnownFileType = text.plist.xml; path = Info.plist; sourceTree = "<group>"; };
		4ED4103F25FD211B00FEBAA6 /* MarvelAppUITests.xctest */ = {isa = PBXFileReference; explicitFileType = wrapper.cfbundle; includeInIndex = 0; path = MarvelAppUITests.xctest; sourceTree = BUILT_PRODUCTS_DIR; };
		4ED4104525FD211B00FEBAA6 /* Info.plist */ = {isa = PBXFileReference; lastKnownFileType = text.plist.xml; path = Info.plist; sourceTree = "<group>"; };
		4ED4106F25FD225000FEBAA6 /* CharacterRequestAPI.swift */ = {isa = PBXFileReference; lastKnownFileType = sourcecode.swift; path = CharacterRequestAPI.swift; sourceTree = "<group>"; };
		4ED4107825FD22A100FEBAA6 /* Character.swift */ = {isa = PBXFileReference; lastKnownFileType = sourcecode.swift; path = Character.swift; sourceTree = "<group>"; };
		4ED4108025FD22A700FEBAA6 /* Wrapper.swift */ = {isa = PBXFileReference; lastKnownFileType = sourcecode.swift; path = Wrapper.swift; sourceTree = "<group>"; };
		4ED410A825FD245C00FEBAA6 /* URLAuth.swift */ = {isa = PBXFileReference; lastKnownFileType = sourcecode.swift; path = URLAuth.swift; sourceTree = "<group>"; };
		4ED410BE25FD252C00FEBAA6 /* MarvelAppUITests.swift */ = {isa = PBXFileReference; fileEncoding = 4; lastKnownFileType = sourcecode.swift; path = MarvelAppUITests.swift; sourceTree = "<group>"; };
		4ED410DF25FD342100FEBAA6 /* CharactersRequestAPITests.swift */ = {isa = PBXFileReference; lastKnownFileType = sourcecode.swift; name = CharactersRequestAPITests.swift; path = MarvelAppTests/CharactersRequestAPITests.swift; sourceTree = SOURCE_ROOT; };
		4ED747C025FD610700BBD0FD /* MockURLProtocol.swift */ = {isa = PBXFileReference; lastKnownFileType = sourcecode.swift; path = MockURLProtocol.swift; sourceTree = "<group>"; };
		4EE4480125FDF7DD00E0A5C2 /* DataSource.swift */ = {isa = PBXFileReference; lastKnownFileType = sourcecode.swift; path = DataSource.swift; sourceTree = "<group>"; };
/* End PBXFileReference section */

/* Begin PBXFrameworksBuildPhase section */
		4ED4101B25FD211800FEBAA6 /* Frameworks */ = {
			isa = PBXFrameworksBuildPhase;
			buildActionMask = 2147483647;
			files = (
			);
			runOnlyForDeploymentPostprocessing = 0;
		};
		4ED4103125FD211B00FEBAA6 /* Frameworks */ = {
			isa = PBXFrameworksBuildPhase;
			buildActionMask = 2147483647;
			files = (
			);
			runOnlyForDeploymentPostprocessing = 0;
		};
		4ED4103C25FD211B00FEBAA6 /* Frameworks */ = {
			isa = PBXFrameworksBuildPhase;
			buildActionMask = 2147483647;
			files = (
			);
			runOnlyForDeploymentPostprocessing = 0;
		};
/* End PBXFrameworksBuildPhase section */

/* Begin PBXGroup section */
		4E130EFC25FD692C00DF0056 /* API */ = {
			isa = PBXGroup;
			children = (
				4EB8C1EC260020F100F782AC /* CharactersAPI.swift */,
				4EB8C1F4260020F800F782AC /* ImageAPI.swift */,
				4EB8C1F92600210100F782AC /* ImageRequestLoader.swift */,
			);
			name = API;
			path = ..;
			sourceTree = "<group>";
		};
		4E4F21A025FDEC9B00B4964C /* ViewController */ = {
			isa = PBXGroup;
			children = (
				4E4F21B225FDEF5400B4964C /* Section.swift */,
				4E4F219B25FDEC9600B4964C /* ListViewController.swift */,
			);
			path = ViewController;
			sourceTree = "<group>";
		};
		4E4F21A125FDECA600B4964C /* Main */ = {
			isa = PBXGroup;
			children = (
				4ED4102125FD211800FEBAA6 /* AppDelegate.swift */,
			);
			path = Main;
			sourceTree = "<group>";
		};
		4E4F21AA25FDEE2D00B4964C /* View */ = {
			isa = PBXGroup;
			children = (
				4EB8C18326001BAA00F782AC /* ListCell.swift */,
				4EB8C18826001BB300F782AC /* OrthogonalCell.swift */,
				4EB8C18D26001BC300F782AC /* HeaderSupplementaryView.swift */,
			);
			path = View;
			sourceTree = "<group>";
		};
		4EB8C15F26001AD300F782AC /* MarvelList */ = {
			isa = PBXGroup;
			children = (
				4EB8C16026001AEC00F782AC /* CharacterList */,
				4EB8C19226001C6100F782AC /* Detail */,
				4EB8C1C026001D1000F782AC /* Service */,
				4ED410B425FD246200FEBAA6 /* Helper */,
			);
			path = MarvelList;
			sourceTree = "<group>";
		};
		4EB8C16026001AEC00F782AC /* CharacterList */ = {
			isa = PBXGroup;
			children = (
				4E4F21A025FDEC9B00B4964C /* ViewController */,
				4EE4480025FDF6F300E0A5C2 /* ModelController */,
				4EB8C17026001B6000F782AC /* ViewModel */,
				4ED4107725FD229800FEBAA6 /* Model */,
				4E4F21AA25FDEE2D00B4964C /* View */,
			);
			path = CharacterList;
			sourceTree = "<group>";
		};
		4EB8C17026001B6000F782AC /* ViewModel */ = {
			isa = PBXGroup;
			children = (
				4EB8C17126001B8200F782AC /* ListCellViewModel.swift */,
				4EB8C17926001B8D00F782AC /* OrthogonalCellViewModel.swift */,
				4EB8C17E26001B9400F782AC /* HeaderViewModel.swift */,
			);
			path = ViewModel;
			sourceTree = "<group>";
		};
		4EB8C19226001C6100F782AC /* Detail */ = {
			isa = PBXGroup;
			children = (
				4EB8C19326001C7B00F782AC /* ViewController */,
				4EB8C19526001C8900F782AC /* ViewModel */,
				4EB8C19426001C8300F782AC /* View */,
			);
			path = Detail;
			sourceTree = "<group>";
		};
		4EB8C19326001C7B00F782AC /* ViewController */ = {
			isa = PBXGroup;
			children = (
				4EB8C19626001C9E00F782AC /* DetailViewController.swift */,
			);
			path = ViewController;
			sourceTree = "<group>";
		};
		4EB8C19426001C8300F782AC /* View */ = {
			isa = PBXGroup;
			children = (
				4EB8C1B026001CDD00F782AC /* ButtonCell.swift */,
				4EB8C1B526001CE200F782AC /* Header.swift */,
				4EB8C1BA26001CE700F782AC /* Footer.swift */,
			);
			path = View;
			sourceTree = "<group>";
		};
		4EB8C19526001C8900F782AC /* ViewModel */ = {
			isa = PBXGroup;
			children = (
				4EB8C1A826001CD000F782AC /* ButtonCellViewModel.swift */,
				4EB8C19E26001CB700F782AC /* DetailHeaderViewModel.swift */,
				4EB8C1A326001CC100F782AC /* DetailFooterViewModel.swift */,
			);
			path = ViewModel;
			sourceTree = "<group>";
		};
		4EB8C1BF26001CFD00F782AC /* Marvel */ = {
			isa = PBXGroup;
			children = (
				4ED4106F25FD225000FEBAA6 /* CharacterRequestAPI.swift */,
				4EB8C1D426001D9A00F782AC /* ImageStore.swift */,
			);
			path = Marvel;
			sourceTree = "<group>";
		};
		4EB8C1C026001D1000F782AC /* Service */ = {
			isa = PBXGroup;
			children = (
				4E130EFC25FD692C00DF0056 /* API */,
				4EB8C1BF26001CFD00F782AC /* Marvel */,
			);
			path = Service;
			sourceTree = "<group>";
		};
		4EB8C1E726001FD700F782AC /* Readme */ = {
			isa = PBXGroup;
			children = (
				4EB8C1E826001FE700F782AC /* README.md */,
			);
			path = Readme;
			sourceTree = "<group>";
		};
		4ED4101525FD211800FEBAA6 = {
			isa = PBXGroup;
			children = (
				4EB8C1E726001FD700F782AC /* Readme */,
				4ED4102025FD211800FEBAA6 /* MarvelApp */,
				4ED4103725FD211B00FEBAA6 /* MarvelAppTests */,
				4ED4104225FD211B00FEBAA6 /* MarvelAppUITests */,
				4ED4101F25FD211800FEBAA6 /* Products */,
			);
			sourceTree = "<group>";
		};
		4ED4101F25FD211800FEBAA6 /* Products */ = {
			isa = PBXGroup;
			children = (
				4ED4101E25FD211800FEBAA6 /* MarvelApp.app */,
				4ED4103425FD211B00FEBAA6 /* MarvelAppTests.xctest */,
				4ED4103F25FD211B00FEBAA6 /* MarvelAppUITests.xctest */,
			);
			name = Products;
			sourceTree = "<group>";
		};
		4ED4102025FD211800FEBAA6 /* MarvelApp */ = {
			isa = PBXGroup;
			children = (
				4E4F21A125FDECA600B4964C /* Main */,
				4EB8C15F26001AD300F782AC /* MarvelList */,
				4ED4102A25FD211B00FEBAA6 /* Assets.xcassets */,
				4ED4102F25FD211B00FEBAA6 /* Info.plist */,
				4E130EF025FD68A700DF0056 /* MarvelApp.xctestplan */,
			);
			path = MarvelApp;
			sourceTree = "<group>";
		};
		4ED4103725FD211B00FEBAA6 /* MarvelAppTests */ = {
			isa = PBXGroup;
			children = (
				4ED410DF25FD342100FEBAA6 /* CharactersRequestAPITests.swift */,
				4E5A387225FD5F210044C9CB /* APIRequestLoaderTests.swift */,
				4E130F1025FD699300DF0056 /* MarvelCharactersAPITests.swift */,
				4ED747C025FD610700BBD0FD /* MockURLProtocol.swift */,
				4ED4103A25FD211B00FEBAA6 /* Info.plist */,
			);
			path = MarvelAppTests;
			sourceTree = "<group>";
		};
		4ED4104225FD211B00FEBAA6 /* MarvelAppUITests */ = {
			isa = PBXGroup;
			children = (
				4ED410BE25FD252C00FEBAA6 /* MarvelAppUITests.swift */,
				4ED4104525FD211B00FEBAA6 /* Info.plist */,
			);
			path = MarvelAppUITests;
			sourceTree = "<group>";
		};
		4ED4107725FD229800FEBAA6 /* Model */ = {
			isa = PBXGroup;
			children = (
				4ED4107825FD22A100FEBAA6 /* Character.swift */,
				4ED4108025FD22A700FEBAA6 /* Wrapper.swift */,
			);
			path = Model;
			sourceTree = "<group>";
		};
		4ED410B425FD246200FEBAA6 /* Helper */ = {
			isa = PBXGroup;
			children = (
				4ED410A825FD245C00FEBAA6 /* URLAuth.swift */,
				4EB8C1CA26001D6E00F782AC /* ImageURLBuilder.swift */,
				4EB8C1CF26001D7600F782AC /* UIButtonTappable.swift */,
			);
			path = Helper;
			sourceTree = "<group>";
		};
		4EE4480025FDF6F300E0A5C2 /* ModelController */ = {
			isa = PBXGroup;
			children = (
				4EE4480125FDF7DD00E0A5C2 /* DataSource.swift */,
			);
			path = ModelController;
			sourceTree = "<group>";
		};
/* End PBXGroup section */

/* Begin PBXNativeTarget section */
		4ED4101D25FD211800FEBAA6 /* MarvelApp */ = {
			isa = PBXNativeTarget;
			buildConfigurationList = 4ED4104825FD211B00FEBAA6 /* Build configuration list for PBXNativeTarget "MarvelApp" */;
			buildPhases = (
				4ED4101A25FD211800FEBAA6 /* Sources */,
				4ED4101B25FD211800FEBAA6 /* Frameworks */,
				4ED4101C25FD211800FEBAA6 /* Resources */,
			);
			buildRules = (
			);
			dependencies = (
			);
			name = MarvelApp;
			productName = MarvelApp;
			productReference = 4ED4101E25FD211800FEBAA6 /* MarvelApp.app */;
			productType = "com.apple.product-type.application";
		};
		4ED4103325FD211B00FEBAA6 /* MarvelAppTests */ = {
			isa = PBXNativeTarget;
			buildConfigurationList = 4ED4104B25FD211B00FEBAA6 /* Build configuration list for PBXNativeTarget "MarvelAppTests" */;
			buildPhases = (
				4ED4103025FD211B00FEBAA6 /* Sources */,
				4ED4103125FD211B00FEBAA6 /* Frameworks */,
				4ED4103225FD211B00FEBAA6 /* Resources */,
			);
			buildRules = (
			);
			dependencies = (
				4ED4103625FD211B00FEBAA6 /* PBXTargetDependency */,
			);
			name = MarvelAppTests;
			productName = MarvelAppTests;
			productReference = 4ED4103425FD211B00FEBAA6 /* MarvelAppTests.xctest */;
			productType = "com.apple.product-type.bundle.unit-test";
		};
		4ED4103E25FD211B00FEBAA6 /* MarvelAppUITests */ = {
			isa = PBXNativeTarget;
			buildConfigurationList = 4ED4104E25FD211B00FEBAA6 /* Build configuration list for PBXNativeTarget "MarvelAppUITests" */;
			buildPhases = (
				4ED4103B25FD211B00FEBAA6 /* Sources */,
				4ED4103C25FD211B00FEBAA6 /* Frameworks */,
				4ED4103D25FD211B00FEBAA6 /* Resources */,
			);
			buildRules = (
			);
			dependencies = (
				4ED4104125FD211B00FEBAA6 /* PBXTargetDependency */,
			);
			name = MarvelAppUITests;
			productName = MarvelAppUITests;
			productReference = 4ED4103F25FD211B00FEBAA6 /* MarvelAppUITests.xctest */;
			productType = "com.apple.product-type.bundle.ui-testing";
		};
/* End PBXNativeTarget section */

/* Begin PBXProject section */
		4ED4101625FD211800FEBAA6 /* Project object */ = {
			isa = PBXProject;
			attributes = {
				LastSwiftUpdateCheck = 1220;
				LastUpgradeCheck = 1220;
				TargetAttributes = {
					4ED4101D25FD211800FEBAA6 = {
						CreatedOnToolsVersion = 12.2;
					};
					4ED4103325FD211B00FEBAA6 = {
						CreatedOnToolsVersion = 12.2;
						LastSwiftMigration = 1220;
						TestTargetID = 4ED4101D25FD211800FEBAA6;
					};
					4ED4103E25FD211B00FEBAA6 = {
						CreatedOnToolsVersion = 12.2;
						LastSwiftMigration = 1220;
						TestTargetID = 4ED4101D25FD211800FEBAA6;
					};
				};
			};
			buildConfigurationList = 4ED4101925FD211800FEBAA6 /* Build configuration list for PBXProject "MarvelApp" */;
			compatibilityVersion = "Xcode 9.3";
			developmentRegion = en;
			hasScannedForEncodings = 0;
			knownRegions = (
				en,
				Base,
			);
			mainGroup = 4ED4101525FD211800FEBAA6;
			productRefGroup = 4ED4101F25FD211800FEBAA6 /* Products */;
			projectDirPath = "";
			projectRoot = "";
			targets = (
				4ED4101D25FD211800FEBAA6 /* MarvelApp */,
				4ED4103325FD211B00FEBAA6 /* MarvelAppTests */,
				4ED4103E25FD211B00FEBAA6 /* MarvelAppUITests */,
			);
		};
/* End PBXProject section */

/* Begin PBXResourcesBuildPhase section */
		4ED4101C25FD211800FEBAA6 /* Resources */ = {
			isa = PBXResourcesBuildPhase;
			buildActionMask = 2147483647;
			files = (
				4ED4102B25FD211B00FEBAA6 /* Assets.xcassets in Resources */,
			);
			runOnlyForDeploymentPostprocessing = 0;
		};
		4ED4103225FD211B00FEBAA6 /* Resources */ = {
			isa = PBXResourcesBuildPhase;
			buildActionMask = 2147483647;
			files = (
			);
			runOnlyForDeploymentPostprocessing = 0;
		};
		4ED4103D25FD211B00FEBAA6 /* Resources */ = {
			isa = PBXResourcesBuildPhase;
			buildActionMask = 2147483647;
			files = (
			);
			runOnlyForDeploymentPostprocessing = 0;
		};
/* End PBXResourcesBuildPhase section */

/* Begin PBXSourcesBuildPhase section */
		4ED4101A25FD211800FEBAA6 /* Sources */ = {
			isa = PBXSourcesBuildPhase;
			buildActionMask = 2147483647;
			files = (
				4EB8C18926001BB300F782AC /* OrthogonalCell.swift in Sources */,
				4ED410AD25FD245F00FEBAA6 /* URLAuth.swift in Sources */,
				4ED4108125FD22A700FEBAA6 /* Wrapper.swift in Sources */,
				4EB8C1BB26001CE700F782AC /* Footer.swift in Sources */,
				4ED4102225FD211800FEBAA6 /* AppDelegate.swift in Sources */,
				4EB8C18E26001BC300F782AC /* HeaderSupplementaryView.swift in Sources */,
				4ED4107025FD225000FEBAA6 /* CharacterRequestAPI.swift in Sources */,
				4EB8C18426001BAA00F782AC /* ListCell.swift in Sources */,
				4EE4480225FDF7DD00E0A5C2 /* DataSource.swift in Sources */,
				4EB8C19726001C9E00F782AC /* DetailViewController.swift in Sources */,
				4EB8C1A426001CC100F782AC /* DetailFooterViewModel.swift in Sources */,
				4EB8C1CB26001D6E00F782AC /* ImageURLBuilder.swift in Sources */,
				4EB8C17226001B8200F782AC /* ListCellViewModel.swift in Sources */,
				4EB8C1B126001CDD00F782AC /* ButtonCell.swift in Sources */,
				4EB8C1B626001CE200F782AC /* Header.swift in Sources */,
				4EB8C1D526001D9A00F782AC /* ImageStore.swift in Sources */,
				4EB8C1FA2600210100F782AC /* ImageRequestLoader.swift in Sources */,
				4E4F21B325FDEF5400B4964C /* Section.swift in Sources */,
				4EB8C1A926001CD000F782AC /* ButtonCellViewModel.swift in Sources */,
				4EB8C1D026001D7600F782AC /* UIButtonTappable.swift in Sources */,
				4EB8C17F26001B9400F782AC /* HeaderViewModel.swift in Sources */,
				4EB8C1F5260020F800F782AC /* ImageAPI.swift in Sources */,
				4EB8C1ED260020F100F782AC /* CharactersAPI.swift in Sources */,
				4EB8C17A26001B8D00F782AC /* OrthogonalCellViewModel.swift in Sources */,
				4E4F219C25FDEC9600B4964C /* ListViewController.swift in Sources */,
				4EB8C19F26001CB700F782AC /* DetailHeaderViewModel.swift in Sources */,
				4ED4107925FD22A100FEBAA6 /* Character.swift in Sources */,
			);
			runOnlyForDeploymentPostprocessing = 0;
		};
		4ED4103025FD211B00FEBAA6 /* Sources */ = {
			isa = PBXSourcesBuildPhase;
			buildActionMask = 2147483647;
			files = (
				4ED747C125FD610700BBD0FD /* MockURLProtocol.swift in Sources */,
				4E130F1125FD699300DF0056 /* MarvelCharactersAPITests.swift in Sources */,
				4ED410E025FD342100FEBAA6 /* CharactersRequestAPITests.swift in Sources */,
				4E5A387325FD5F210044C9CB /* APIRequestLoaderTests.swift in Sources */,
			);
			runOnlyForDeploymentPostprocessing = 0;
		};
		4ED4103B25FD211B00FEBAA6 /* Sources */ = {
			isa = PBXSourcesBuildPhase;
			buildActionMask = 2147483647;
			files = (
				4ED410BF25FD252C00FEBAA6 /* MarvelAppUITests.swift in Sources */,
			);
			runOnlyForDeploymentPostprocessing = 0;
		};
/* End PBXSourcesBuildPhase section */

/* Begin PBXTargetDependency section */
		4ED4103625FD211B00FEBAA6 /* PBXTargetDependency */ = {
			isa = PBXTargetDependency;
			target = 4ED4101D25FD211800FEBAA6 /* MarvelApp */;
			targetProxy = 4ED4103525FD211B00FEBAA6 /* PBXContainerItemProxy */;
		};
		4ED4104125FD211B00FEBAA6 /* PBXTargetDependency */ = {
			isa = PBXTargetDependency;
			target = 4ED4101D25FD211800FEBAA6 /* MarvelApp */;
			targetProxy = 4ED4104025FD211B00FEBAA6 /* PBXContainerItemProxy */;
		};
/* End PBXTargetDependency section */

/* Begin XCBuildConfiguration section */
		4ED4104625FD211B00FEBAA6 /* Debug */ = {
			isa = XCBuildConfiguration;
			buildSettings = {
				ALWAYS_SEARCH_USER_PATHS = NO;
				CLANG_ANALYZER_NONNULL = YES;
				CLANG_ANALYZER_NUMBER_OBJECT_CONVERSION = YES_AGGRESSIVE;
				CLANG_CXX_LANGUAGE_STANDARD = "gnu++14";
				CLANG_CXX_LIBRARY = "libc++";
				CLANG_ENABLE_MODULES = YES;
				CLANG_ENABLE_OBJC_ARC = YES;
				CLANG_ENABLE_OBJC_WEAK = YES;
				CLANG_WARN_BLOCK_CAPTURE_AUTORELEASING = YES;
				CLANG_WARN_BOOL_CONVERSION = YES;
				CLANG_WARN_COMMA = YES;
				CLANG_WARN_CONSTANT_CONVERSION = YES;
				CLANG_WARN_DEPRECATED_OBJC_IMPLEMENTATIONS = YES;
				CLANG_WARN_DIRECT_OBJC_ISA_USAGE = YES_ERROR;
				CLANG_WARN_DOCUMENTATION_COMMENTS = YES;
				CLANG_WARN_EMPTY_BODY = YES;
				CLANG_WARN_ENUM_CONVERSION = YES;
				CLANG_WARN_INFINITE_RECURSION = YES;
				CLANG_WARN_INT_CONVERSION = YES;
				CLANG_WARN_NON_LITERAL_NULL_CONVERSION = YES;
				CLANG_WARN_OBJC_IMPLICIT_RETAIN_SELF = YES;
				CLANG_WARN_OBJC_LITERAL_CONVERSION = YES;
				CLANG_WARN_OBJC_ROOT_CLASS = YES_ERROR;
				CLANG_WARN_QUOTED_INCLUDE_IN_FRAMEWORK_HEADER = YES;
				CLANG_WARN_RANGE_LOOP_ANALYSIS = YES;
				CLANG_WARN_STRICT_PROTOTYPES = YES;
				CLANG_WARN_SUSPICIOUS_MOVE = YES;
				CLANG_WARN_UNGUARDED_AVAILABILITY = YES_AGGRESSIVE;
				CLANG_WARN_UNREACHABLE_CODE = YES;
				CLANG_WARN__DUPLICATE_METHOD_MATCH = YES;
				COPY_PHASE_STRIP = NO;
				DEBUG_INFORMATION_FORMAT = dwarf;
				ENABLE_STRICT_OBJC_MSGSEND = YES;
				ENABLE_TESTABILITY = YES;
				GCC_C_LANGUAGE_STANDARD = gnu11;
				GCC_DYNAMIC_NO_PIC = NO;
				GCC_NO_COMMON_BLOCKS = YES;
				GCC_OPTIMIZATION_LEVEL = 0;
				GCC_PREPROCESSOR_DEFINITIONS = (
					"DEBUG=1",
					"$(inherited)",
				);
				GCC_WARN_64_TO_32_BIT_CONVERSION = YES;
				GCC_WARN_ABOUT_RETURN_TYPE = YES_ERROR;
				GCC_WARN_UNDECLARED_SELECTOR = YES;
				GCC_WARN_UNINITIALIZED_AUTOS = YES_AGGRESSIVE;
				GCC_WARN_UNUSED_FUNCTION = YES;
				GCC_WARN_UNUSED_VARIABLE = YES;
				IPHONEOS_DEPLOYMENT_TARGET = 14.0;
				MTL_ENABLE_DEBUG_INFO = INCLUDE_SOURCE;
				MTL_FAST_MATH = YES;
				ONLY_ACTIVE_ARCH = YES;
				SDKROOT = iphoneos;
				SWIFT_ACTIVE_COMPILATION_CONDITIONS = DEBUG;
				SWIFT_OPTIMIZATION_LEVEL = "-Onone";
			};
			name = Debug;
		};
		4ED4104725FD211B00FEBAA6 /* Release */ = {
			isa = XCBuildConfiguration;
			buildSettings = {
				ALWAYS_SEARCH_USER_PATHS = NO;
				CLANG_ANALYZER_NONNULL = YES;
				CLANG_ANALYZER_NUMBER_OBJECT_CONVERSION = YES_AGGRESSIVE;
				CLANG_CXX_LANGUAGE_STANDARD = "gnu++14";
				CLANG_CXX_LIBRARY = "libc++";
				CLANG_ENABLE_MODULES = YES;
				CLANG_ENABLE_OBJC_ARC = YES;
				CLANG_ENABLE_OBJC_WEAK = YES;
				CLANG_WARN_BLOCK_CAPTURE_AUTORELEASING = YES;
				CLANG_WARN_BOOL_CONVERSION = YES;
				CLANG_WARN_COMMA = YES;
				CLANG_WARN_CONSTANT_CONVERSION = YES;
				CLANG_WARN_DEPRECATED_OBJC_IMPLEMENTATIONS = YES;
				CLANG_WARN_DIRECT_OBJC_ISA_USAGE = YES_ERROR;
				CLANG_WARN_DOCUMENTATION_COMMENTS = YES;
				CLANG_WARN_EMPTY_BODY = YES;
				CLANG_WARN_ENUM_CONVERSION = YES;
				CLANG_WARN_INFINITE_RECURSION = YES;
				CLANG_WARN_INT_CONVERSION = YES;
				CLANG_WARN_NON_LITERAL_NULL_CONVERSION = YES;
				CLANG_WARN_OBJC_IMPLICIT_RETAIN_SELF = YES;
				CLANG_WARN_OBJC_LITERAL_CONVERSION = YES;
				CLANG_WARN_OBJC_ROOT_CLASS = YES_ERROR;
				CLANG_WARN_QUOTED_INCLUDE_IN_FRAMEWORK_HEADER = YES;
				CLANG_WARN_RANGE_LOOP_ANALYSIS = YES;
				CLANG_WARN_STRICT_PROTOTYPES = YES;
				CLANG_WARN_SUSPICIOUS_MOVE = YES;
				CLANG_WARN_UNGUARDED_AVAILABILITY = YES_AGGRESSIVE;
				CLANG_WARN_UNREACHABLE_CODE = YES;
				CLANG_WARN__DUPLICATE_METHOD_MATCH = YES;
				COPY_PHASE_STRIP = NO;
				DEBUG_INFORMATION_FORMAT = "dwarf-with-dsym";
				ENABLE_NS_ASSERTIONS = NO;
				ENABLE_STRICT_OBJC_MSGSEND = YES;
				GCC_C_LANGUAGE_STANDARD = gnu11;
				GCC_NO_COMMON_BLOCKS = YES;
				GCC_WARN_64_TO_32_BIT_CONVERSION = YES;
				GCC_WARN_ABOUT_RETURN_TYPE = YES_ERROR;
				GCC_WARN_UNDECLARED_SELECTOR = YES;
				GCC_WARN_UNINITIALIZED_AUTOS = YES_AGGRESSIVE;
				GCC_WARN_UNUSED_FUNCTION = YES;
				GCC_WARN_UNUSED_VARIABLE = YES;
				IPHONEOS_DEPLOYMENT_TARGET = 14.0;
				MTL_ENABLE_DEBUG_INFO = NO;
				MTL_FAST_MATH = YES;
				SDKROOT = iphoneos;
				SWIFT_COMPILATION_MODE = wholemodule;
				SWIFT_OPTIMIZATION_LEVEL = "-O";
				VALIDATE_PRODUCT = YES;
			};
			name = Release;
		};
		4ED4104925FD211B00FEBAA6 /* Debug */ = {
			isa = XCBuildConfiguration;
			buildSettings = {
				ASSETCATALOG_COMPILER_APPICON_NAME = AppIcon;
				ASSETCATALOG_COMPILER_GLOBAL_ACCENT_COLOR_NAME = AccentColor;
				CODE_SIGN_STYLE = Automatic;
				DEVELOPMENT_TEAM = S4Y2TC8R2G;
				INFOPLIST_FILE = MarvelApp/Info.plist;
				LD_RUNPATH_SEARCH_PATHS = (
					"$(inherited)",
					"@executable_path/Frameworks",
				);
				PRODUCT_BUNDLE_IDENTIFIER = com.App.MarvelApp;
				PRODUCT_NAME = "$(TARGET_NAME)";
				SWIFT_VERSION = 5.0;
				TARGETED_DEVICE_FAMILY = 1;
			};
			name = Debug;
		};
		4ED4104A25FD211B00FEBAA6 /* Release */ = {
			isa = XCBuildConfiguration;
			buildSettings = {
				ASSETCATALOG_COMPILER_APPICON_NAME = AppIcon;
				ASSETCATALOG_COMPILER_GLOBAL_ACCENT_COLOR_NAME = AccentColor;
				CODE_SIGN_STYLE = Automatic;
				DEVELOPMENT_TEAM = S4Y2TC8R2G;
				INFOPLIST_FILE = MarvelApp/Info.plist;
				LD_RUNPATH_SEARCH_PATHS = (
					"$(inherited)",
					"@executable_path/Frameworks",
				);
				PRODUCT_BUNDLE_IDENTIFIER = com.App.MarvelApp;
				PRODUCT_NAME = "$(TARGET_NAME)";
				SWIFT_VERSION = 5.0;
				TARGETED_DEVICE_FAMILY = 1;
			};
			name = Release;
		};
		4ED4104C25FD211B00FEBAA6 /* Debug */ = {
			isa = XCBuildConfiguration;
			buildSettings = {
				ALWAYS_EMBED_SWIFT_STANDARD_LIBRARIES = YES;
				BUNDLE_LOADER = "$(TEST_HOST)";
				CLANG_ENABLE_MODULES = YES;
				CODE_SIGN_STYLE = Automatic;
				DEVELOPMENT_TEAM = S4Y2TC8R2G;
				INFOPLIST_FILE = MarvelAppTests/Info.plist;
				IPHONEOS_DEPLOYMENT_TARGET = 14.2;
				LD_RUNPATH_SEARCH_PATHS = (
					"$(inherited)",
					"@executable_path/Frameworks",
					"@loader_path/Frameworks",
				);
				PRODUCT_BUNDLE_IDENTIFIER = com.App.MarvelAppTests;
				PRODUCT_NAME = "$(TARGET_NAME)";
				SWIFT_OPTIMIZATION_LEVEL = "-Onone";
				SWIFT_VERSION = 5.0;
				TARGETED_DEVICE_FAMILY = "1,2";
				TEST_HOST = "$(BUILT_PRODUCTS_DIR)/MarvelApp.app/MarvelApp";
			};
			name = Debug;
		};
		4ED4104D25FD211B00FEBAA6 /* Release */ = {
			isa = XCBuildConfiguration;
			buildSettings = {
				ALWAYS_EMBED_SWIFT_STANDARD_LIBRARIES = YES;
				BUNDLE_LOADER = "$(TEST_HOST)";
				CLANG_ENABLE_MODULES = YES;
				CODE_SIGN_STYLE = Automatic;
				DEVELOPMENT_TEAM = S4Y2TC8R2G;
				INFOPLIST_FILE = MarvelAppTests/Info.plist;
				IPHONEOS_DEPLOYMENT_TARGET = 14.2;
				LD_RUNPATH_SEARCH_PATHS = (
					"$(inherited)",
					"@executable_path/Frameworks",
					"@loader_path/Frameworks",
				);
				PRODUCT_BUNDLE_IDENTIFIER = com.App.MarvelAppTests;
				PRODUCT_NAME = "$(TARGET_NAME)";
				SWIFT_VERSION = 5.0;
				TARGETED_DEVICE_FAMILY = "1,2";
				TEST_HOST = "$(BUILT_PRODUCTS_DIR)/MarvelApp.app/MarvelApp";
			};
			name = Release;
		};
		4ED4104F25FD211B00FEBAA6 /* Debug */ = {
			isa = XCBuildConfiguration;
			buildSettings = {
				ALWAYS_EMBED_SWIFT_STANDARD_LIBRARIES = YES;
				CLANG_ENABLE_MODULES = YES;
				CODE_SIGN_STYLE = Automatic;
				DEVELOPMENT_TEAM = S4Y2TC8R2G;
				INFOPLIST_FILE = MarvelAppUITests/Info.plist;
				LD_RUNPATH_SEARCH_PATHS = (
					"$(inherited)",
					"@executable_path/Frameworks",
					"@loader_path/Frameworks",
				);
				PRODUCT_BUNDLE_IDENTIFIER = com.App.MarvelAppUITests;
				PRODUCT_NAME = "$(TARGET_NAME)";
				SWIFT_OPTIMIZATION_LEVEL = "-Onone";
				SWIFT_VERSION = 5.0;
				TARGETED_DEVICE_FAMILY = "1,2";
				TEST_TARGET_NAME = MarvelApp;
			};
			name = Debug;
		};
		4ED4105025FD211B00FEBAA6 /* Release */ = {
			isa = XCBuildConfiguration;
			buildSettings = {
				ALWAYS_EMBED_SWIFT_STANDARD_LIBRARIES = YES;
				CLANG_ENABLE_MODULES = YES;
				CODE_SIGN_STYLE = Automatic;
				DEVELOPMENT_TEAM = S4Y2TC8R2G;
				INFOPLIST_FILE = MarvelAppUITests/Info.plist;
				LD_RUNPATH_SEARCH_PATHS = (
					"$(inherited)",
					"@executable_path/Frameworks",
					"@loader_path/Frameworks",
				);
				PRODUCT_BUNDLE_IDENTIFIER = com.App.MarvelAppUITests;
				PRODUCT_NAME = "$(TARGET_NAME)";
				SWIFT_VERSION = 5.0;
				TARGETED_DEVICE_FAMILY = "1,2";
				TEST_TARGET_NAME = MarvelApp;
			};
			name = Release;
		};
/* End XCBuildConfiguration section */

/* Begin XCConfigurationList section */
		4ED4101925FD211800FEBAA6 /* Build configuration list for PBXProject "MarvelApp" */ = {
			isa = XCConfigurationList;
			buildConfigurations = (
				4ED4104625FD211B00FEBAA6 /* Debug */,
				4ED4104725FD211B00FEBAA6 /* Release */,
			);
			defaultConfigurationIsVisible = 0;
			defaultConfigurationName = Release;
		};
		4ED4104825FD211B00FEBAA6 /* Build configuration list for PBXNativeTarget "MarvelApp" */ = {
			isa = XCConfigurationList;
			buildConfigurations = (
				4ED4104925FD211B00FEBAA6 /* Debug */,
				4ED4104A25FD211B00FEBAA6 /* Release */,
			);
			defaultConfigurationIsVisible = 0;
			defaultConfigurationName = Release;
		};
		4ED4104B25FD211B00FEBAA6 /* Build configuration list for PBXNativeTarget "MarvelAppTests" */ = {
			isa = XCConfigurationList;
			buildConfigurations = (
				4ED4104C25FD211B00FEBAA6 /* Debug */,
				4ED4104D25FD211B00FEBAA6 /* Release */,
			);
			defaultConfigurationIsVisible = 0;
			defaultConfigurationName = Release;
		};
		4ED4104E25FD211B00FEBAA6 /* Build configuration list for PBXNativeTarget "MarvelAppUITests" */ = {
			isa = XCConfigurationList;
			buildConfigurations = (
				4ED4104F25FD211B00FEBAA6 /* Debug */,
				4ED4105025FD211B00FEBAA6 /* Release */,
			);
			defaultConfigurationIsVisible = 0;
			defaultConfigurationName = Release;
		};
/* End XCConfigurationList section */
	};
	rootObject = 4ED4101625FD211800FEBAA6 /* Project object */;
}
